
Microsoft Visual Studio Solution File, Format Version 12.00
# Visual Studio Version 17
VisualStudioVersion = 17.0.32126.317
MinimumVisualStudioVersion = 10.0.40219.1
Project("{FAE04EC0-301F-11D3-BF4B-00C04F79EFBC}") = "reajuste_salario", "reajuste_salario.csproj", "{172DE57E-444B-4D7D-A2D3-2AD9F59949E9}"
EndProject
Global
	GlobalSection(SolutionConfigurationPlatforms) = preSolution
		Debug|Any CPU = Debug|Any CPU
		Release|Any CPU = Release|Any CPU
	EndGlobalSection
	GlobalSection(ProjectConfigurationPlatforms) = postSolution
		{172DE57E-444B-4D7D-A2D3-2AD9F59949E9}.Debug|Any CPU.ActiveCfg = Debug|Any CPU
		{172DE57E-444B-4D7D-A2D3-2AD9F59949E9}.Debug|Any CPU.Build.0 = Debug|Any CPU
		{172DE57E-444B-4D7D-A2D3-2AD9F59949E9}.Release|Any CPU.ActiveCfg = Release|Any CPU
		{172DE57E-444B-4D7D-A2D3-2AD9F59949E9}.Release|Any CPU.Build.0 = Release|Any CPU
	EndGlobalSection
	GlobalSection(SolutionProperties) = preSolution
		HideSolutionNode = FALSE
	EndGlobalSection
	GlobalSection(ExtensibilityGlobals) = postSolution
		SolutionGuid = {2AA4DC45-1A70-4831-AA57-6EA068909A03}
	EndGlobalSection
EndGlobal
